
Microsoft Visual Studio Solution File, Format Version 12.00
# Visual Studio Version 16
VisualStudioVersion = 16.0.30320.27
MinimumVisualStudioVersion = 10.0.40219.1
Project("{9A19103F-16F7-4668-BE54-9A1E7A4F7556}") = "EmployeeApiClient", "EmployeeApiClient\EmployeeApiClient.csproj", "{153C51E4-8530-44A7-AC12-C88F8F3B773A}"
EndProject
Project("{FAE04EC0-301F-11D3-BF4B-00C04F79EFBC}") = "NUnitTestHttpClient", "NUnitTestHttpClient\NUnitTestHttpClient.csproj", "{E8F5F7CE-40BE-49C7-885D-568E17838A90}"
EndProject
Global
	GlobalSection(SolutionConfigurationPlatforms) = preSolution
		Debug|Any CPU = Debug|Any CPU
		Release|Any CPU = Release|Any CPU
	EndGlobalSection
	GlobalSection(ProjectConfigurationPlatforms) = postSolution
		{153C51E4-8530-44A7-AC12-C88F8F3B773A}.Debug|Any CPU.ActiveCfg = Debug|Any CPU
		{153C51E4-8530-44A7-AC12-C88F8F3B773A}.Debug|Any CPU.Build.0 = Debug|Any CPU
		{153C51E4-8530-44A7-AC12-C88F8F3B773A}.Release|Any CPU.ActiveCfg = Release|Any CPU
		{153C51E4-8530-44A7-AC12-C88F8F3B773A}.Release|Any CPU.Build.0 = Release|Any CPU
		{E8F5F7CE-40BE-49C7-885D-568E17838A90}.Debug|Any CPU.ActiveCfg = Debug|Any CPU
		{E8F5F7CE-40BE-49C7-885D-568E17838A90}.Debug|Any CPU.Build.0 = Debug|Any CPU
		{E8F5F7CE-40BE-49C7-885D-568E17838A90}.Release|Any CPU.ActiveCfg = Release|Any CPU
		{E8F5F7CE-40BE-49C7-885D-568E17838A90}.Release|Any CPU.Build.0 = Release|Any CPU
	EndGlobalSection
	GlobalSection(SolutionProperties) = preSolution
		HideSolutionNode = FALSE
	EndGlobalSection
	GlobalSection(ExtensibilityGlobals) = postSolution
		SolutionGuid = {558DFF02-E1A2-4EB3-BFE9-197558E56618}
	EndGlobalSection
EndGlobal
